
Microsoft Visual Studio Solution File, Format Version 12.00
# Visual Studio Version 17
VisualStudioVersion = 17.9.34728.123
MinimumVisualStudioVersion = 10.0.40219.1
Project("{FAE04EC0-301F-11D3-BF4B-00C04F79EFBC}") = "SimpleStepParser", "SimpleStepParser\SimpleStepParser.csproj", "{104F3948-1504-4EDC-A943-27928B5DBF66}"
EndProject
Project("{FAE04EC0-301F-11D3-BF4B-00C04F79EFBC}") = "Example", "Example\Example.csproj", "{66FBF72E-1774-4FC0-A7C5-502C0EBCB8DB}"
EndProject
Global
	GlobalSection(SolutionConfigurationPlatforms) = preSolution
		Debug|Any CPU = Debug|Any CPU
		Release|Any CPU = Release|Any CPU
	EndGlobalSection
	GlobalSection(ProjectConfigurationPlatforms) = postSolution
		{104F3948-1504-4EDC-A943-27928B5DBF66}.Debug|Any CPU.ActiveCfg = Debug|Any CPU
		{104F3948-1504-4EDC-A943-27928B5DBF66}.Debug|Any CPU.Build.0 = Debug|Any CPU
		{104F3948-1504-4EDC-A943-27928B5DBF66}.Release|Any CPU.ActiveCfg = Release|Any CPU
		{104F3948-1504-4EDC-A943-27928B5DBF66}.Release|Any CPU.Build.0 = Release|Any CPU
		{66FBF72E-1774-4FC0-A7C5-502C0EBCB8DB}.Debug|Any CPU.ActiveCfg = Debug|Any CPU
		{66FBF72E-1774-4FC0-A7C5-502C0EBCB8DB}.Debug|Any CPU.Build.0 = Debug|Any CPU
		{66FBF72E-1774-4FC0-A7C5-502C0EBCB8DB}.Release|Any CPU.ActiveCfg = Release|Any CPU
		{66FBF72E-1774-4FC0-A7C5-502C0EBCB8DB}.Release|Any CPU.Build.0 = Release|Any CPU
	EndGlobalSection
	GlobalSection(SolutionProperties) = preSolution
		HideSolutionNode = FALSE
	EndGlobalSection
	GlobalSection(ExtensibilityGlobals) = postSolution
		SolutionGuid = {A207A749-74DC-47A1-A9D6-0CD2F7769535}
	EndGlobalSection
EndGlobal
